
Microsoft Visual Studio Solution File, Format Version 12.00
# Visual Studio Version 17
VisualStudioVersion = 17.3.32922.545
MinimumVisualStudioVersion = 10.0.40219.1
Project("{FAE04EC0-301F-11D3-BF4B-00C04F79EFBC}") = "InfrastructureNet", "InfrastructureNet\InfrastructureNet.csproj", "{FD210D1D-C5BA-4721-B532-C9D3C462C4F4}"
EndProject
Project("{2150E333-8FDC-42A3-9474-1A3956D46DE8}") = "Databases", "Databases", "{1C621FC6-4A28-4F98-B1F0-517F5BC73806}"
	ProjectSection(SolutionItems) = preProject
		tblUsers.sql = tblUsers.sql
	EndProjectSection
EndProject
Global
	GlobalSection(SolutionConfigurationPlatforms) = preSolution
		Debug|Any CPU = Debug|Any CPU
		Release|Any CPU = Release|Any CPU
	EndGlobalSection
	GlobalSection(ProjectConfigurationPlatforms) = postSolution
		{FD210D1D-C5BA-4721-B532-C9D3C462C4F4}.Debug|Any CPU.ActiveCfg = Debug|Any CPU
		{FD210D1D-C5BA-4721-B532-C9D3C462C4F4}.Debug|Any CPU.Build.0 = Debug|Any CPU
		{FD210D1D-C5BA-4721-B532-C9D3C462C4F4}.Release|Any CPU.ActiveCfg = Release|Any CPU
		{FD210D1D-C5BA-4721-B532-C9D3C462C4F4}.Release|Any CPU.Build.0 = Release|Any CPU
	EndGlobalSection
	GlobalSection(SolutionProperties) = preSolution
		HideSolutionNode = FALSE
	EndGlobalSection
	GlobalSection(ExtensibilityGlobals) = postSolution
		SolutionGuid = {77115082-A730-46A6-B630-30C01B00BDF6}
	EndGlobalSection
EndGlobal
